
Microsoft Visual Studio Solution File, Format Version 12.00
# Visual Studio Version 16
VisualStudioVersion = 16.0.30002.166
MinimumVisualStudioVersion = 10.0.40219.1
Project("{9A19103F-16F7-4668-BE54-9A1E7A4F7556}") = "Envelopes", "Envelopes.csproj", "{9EDABFF0-62E7-45AA-919D-83084C0B637A}"
EndProject
Project("{9A19103F-16F7-4668-BE54-9A1E7A4F7556}") = "Tests.Envelopes", "..\Tests.Envelopes\Tests.Envelopes.csproj", "{EDAD77D8-3F9E-4F27-A37C-8292C7AB754C}"
EndProject
Project("{9A19103F-16F7-4668-BE54-9A1E7A4F7556}") = "Envelopes.Persistence", "..\Envelopes.Excel\Envelopes.Persistence.csproj", "{4A310F20-DC4E-461E-BBD3-5845447F36A2}"
EndProject
Project("{9A19103F-16F7-4668-BE54-9A1E7A4F7556}") = "Envelopes.Models", "..\Envelopes.Models\Envelopes.Models.csproj", "{5931506B-450A-4A9F-8B19-E0BB01BE242F}"
EndProject
Global
	GlobalSection(SolutionConfigurationPlatforms) = preSolution
		Debug|Any CPU = Debug|Any CPU
		Release|Any CPU = Release|Any CPU
	EndGlobalSection
	GlobalSection(ProjectConfigurationPlatforms) = postSolution
		{9EDABFF0-62E7-45AA-919D-83084C0B637A}.Debug|Any CPU.ActiveCfg = Debug|Any CPU
		{9EDABFF0-62E7-45AA-919D-83084C0B637A}.Debug|Any CPU.Build.0 = Debug|Any CPU
		{9EDABFF0-62E7-45AA-919D-83084C0B637A}.Release|Any CPU.ActiveCfg = Release|Any CPU
		{9EDABFF0-62E7-45AA-919D-83084C0B637A}.Release|Any CPU.Build.0 = Release|Any CPU
		{EDAD77D8-3F9E-4F27-A37C-8292C7AB754C}.Debug|Any CPU.ActiveCfg = Debug|Any CPU
		{EDAD77D8-3F9E-4F27-A37C-8292C7AB754C}.Debug|Any CPU.Build.0 = Debug|Any CPU
		{EDAD77D8-3F9E-4F27-A37C-8292C7AB754C}.Release|Any CPU.ActiveCfg = Release|Any CPU
		{EDAD77D8-3F9E-4F27-A37C-8292C7AB754C}.Release|Any CPU.Build.0 = Release|Any CPU
		{4A310F20-DC4E-461E-BBD3-5845447F36A2}.Debug|Any CPU.ActiveCfg = Debug|Any CPU
		{4A310F20-DC4E-461E-BBD3-5845447F36A2}.Debug|Any CPU.Build.0 = Debug|Any CPU
		{4A310F20-DC4E-461E-BBD3-5845447F36A2}.Release|Any CPU.ActiveCfg = Release|Any CPU
		{4A310F20-DC4E-461E-BBD3-5845447F36A2}.Release|Any CPU.Build.0 = Release|Any CPU
		{5931506B-450A-4A9F-8B19-E0BB01BE242F}.Debug|Any CPU.ActiveCfg = Debug|Any CPU
		{5931506B-450A-4A9F-8B19-E0BB01BE242F}.Debug|Any CPU.Build.0 = Debug|Any CPU
		{5931506B-450A-4A9F-8B19-E0BB01BE242F}.Release|Any CPU.ActiveCfg = Release|Any CPU
		{5931506B-450A-4A9F-8B19-E0BB01BE242F}.Release|Any CPU.Build.0 = Release|Any CPU
	EndGlobalSection
	GlobalSection(SolutionProperties) = preSolution
		HideSolutionNode = FALSE
	EndGlobalSection
	GlobalSection(ExtensibilityGlobals) = postSolution
		SolutionGuid = {B7D25411-66BB-4640-A349-9BC453B653BB}
	EndGlobalSection
EndGlobal
